
Microsoft Visual Studio Solution File, Format Version 12.00
# Visual Studio Version 17
VisualStudioVersion = 17.11.35312.102
MinimumVisualStudioVersion = 10.0.40219.1
Project("{9A19103F-16F7-4668-BE54-9A1E7A4F7556}") = "E-Commerce", "E-Commerce\E-Commerce.csproj", "{94C68C63-BF56-43A3-87B5-7EE8445B6D0F}"
EndProject
Global
	GlobalSection(SolutionConfigurationPlatforms) = preSolution
		Debug|Any CPU = Debug|Any CPU
		Release|Any CPU = Release|Any CPU
	EndGlobalSection
	GlobalSection(ProjectConfigurationPlatforms) = postSolution
		{94C68C63-BF56-43A3-87B5-7EE8445B6D0F}.Debug|Any CPU.ActiveCfg = Debug|Any CPU
		{94C68C63-BF56-43A3-87B5-7EE8445B6D0F}.Debug|Any CPU.Build.0 = Debug|Any CPU
		{94C68C63-BF56-43A3-87B5-7EE8445B6D0F}.Release|Any CPU.ActiveCfg = Release|Any CPU
		{94C68C63-BF56-43A3-87B5-7EE8445B6D0F}.Release|Any CPU.Build.0 = Release|Any CPU
	EndGlobalSection
	GlobalSection(SolutionProperties) = preSolution
		HideSolutionNode = FALSE
	EndGlobalSection
	GlobalSection(ExtensibilityGlobals) = postSolution
		SolutionGuid = {B1EBB11E-2859-4F83-9E8E-5FC2844D146C}
	EndGlobalSection
EndGlobal
